
Microsoft Visual Studio Solution File, Format Version 12.00
# Visual Studio Version 17
VisualStudioVersion = 17.0.31903.59
MinimumVisualStudioVersion = 10.0.40219.1
Project("{FAE04EC0-301F-11D3-BF4B-00C04F79EFBC}") = "Vigor.Common.Queue.Redis", "Vigor.Common.Queue.Redis\Vigor.Common.Queue.Redis.csproj", "{5FA38A76-E7CA-4F2E-BB4C-ED5F57134DC8}"
EndProject
Project("{FAE04EC0-301F-11D3-BF4B-00C04F79EFBC}") = "Vigor.Common.Db.Repository", "Vigor.Common.Db.Repository\Vigor.Common.Db.Repository.csproj", "{C8A7299B-52BF-4590-9824-51984CB9F5CF}"
EndProject
Project("{FAE04EC0-301F-11D3-BF4B-00C04F79EFBC}") = "Vigor.Common.Exception", "Vigor.Common.Exception\Vigor.Common.Exception.csproj", "{F9356E35-0580-46DA-A7C5-4A82A4998EE4}"
EndProject
Project("{FAE04EC0-301F-11D3-BF4B-00C04F79EFBC}") = "Vigor.Core.Program.Db", "Vigor.Core.Program.Db\Vigor.Core.Program.Db.csproj", "{80073224-B5BA-413A-90F4-1D8E5738F4AD}"
EndProject
Project("{FAE04EC0-301F-11D3-BF4B-00C04F79EFBC}") = "Vigor.Core.Program.Db.Broadcast", "Vigor.Core.Program.Db.Broadcast\Vigor.Core.Program.Db.Broadcast.csproj", "{88F11281-225E-438E-8E0C-640BD50DD4FA}"
EndProject
Project("{FAE04EC0-301F-11D3-BF4B-00C04F79EFBC}") = "Vigor.Core.Program.Api.Queue", "Vigor.Core.Program.Api.Queue\Vigor.Core.Program.Api.Queue.csproj", "{0EBD139A-FCD0-42E7-9BDC-C3D7F1A3481E}"
EndProject
Project("{FAE04EC0-301F-11D3-BF4B-00C04F79EFBC}") = "Vigor.Core.Program.Api.Http", "Vigor.Core.Program.Api.Http\Vigor.Core.Program.Api.Http.csproj", "{185097B8-53D7-4672-8843-FE16F555C289}"
EndProject
Project("{FAE04EC0-301F-11D3-BF4B-00C04F79EFBC}") = "Vigor.Common.Auth.Keycloak", "Vigor.Common.Auth.Keycloak\Vigor.Common.Auth.Keycloak.csproj", "{A3ADF841-7303-4092-AA08-DDE9F5BEB711}"
EndProject
Project("{FAE04EC0-301F-11D3-BF4B-00C04F79EFBC}") = "Vigor.Common.JsonApi", "Vigor.Common.JsonApi\Vigor.Common.JsonApi.csproj", "{42DE5BA3-00A8-45F0-AAF8-87BE6052C133}"
EndProject
Project("{FAE04EC0-301F-11D3-BF4B-00C04F79EFBC}") = "Vigor.Common.Extensions.AspNetCore", "Vigor.Common.Extensions.AspNetCore\Vigor.Common.Extensions.AspNetCore.csproj", "{C3716A9C-D739-42BF-9FF2-BB66D2122A80}"
EndProject
Project("{FAE04EC0-301F-11D3-BF4B-00C04F79EFBC}") = "Vigor.Common.Db.PostgreSql", "Vigor.Common.Db.PostgreSql\Vigor.Common.Db.PostgreSql.csproj", "{16F781B5-D532-4DF0-94A4-25AF0A0E2185}"
EndProject
Project("{FAE04EC0-301F-11D3-BF4B-00C04F79EFBC}") = "Vigor.Core.Program.Domain.Facility", "Vigor.Core.Program.Domain.Facility\Vigor.Core.Program.Domain.Facility.csproj", "{83953900-2638-42F2-9DC7-00F462659387}"
EndProject
Project("{FAE04EC0-301F-11D3-BF4B-00C04F79EFBC}") = "Vigor.Core.Program.Db.Entities", "Vigor.Core.Program.Db.Entities\Vigor.Core.Program.Db.Entities.csproj", "{B45FB87F-6318-47E1-B463-9AEC911108DB}"
EndProject
Project("{FAE04EC0-301F-11D3-BF4B-00C04F79EFBC}") = "Vigor.Core.Program.Common.Auth.Keycloak", "Vigor.Core.Program.Common.Auth.Keycloak\Vigor.Core.Program.Common.Auth.Keycloak.csproj", "{18F97470-9ABF-4AE6-BFC8-78CD037C60BC}"
EndProject
Project("{FAE04EC0-301F-11D3-BF4B-00C04F79EFBC}") = "Vigor.Core.Program.Domain.Program", "Vigor.Core.Program.Domain.Program\Vigor.Core.Program.Domain.Program.csproj", "{FBCC3123-952F-4938-A79E-B2F08AD417D6}"
EndProject
Project("{FAE04EC0-301F-11D3-BF4B-00C04F79EFBC}") = "Vigor.Common.Extensions.Logging", "Vigor.Common.Extensions.Logging\Vigor.Common.Extensions.Logging.csproj", "{28981062-AF1B-4B06-8523-39AA7DEF64A7}"
EndProject
Project("{FAE04EC0-301F-11D3-BF4B-00C04F79EFBC}") = "Vigor.Common.Extensions.System", "Vigor.Common.Extensions.System\Vigor.Common.Extensions.System.csproj", "{E9C16A8B-0E6B-453B-96A9-0B8524B2E68D}"
EndProject
Project("{FAE04EC0-301F-11D3-BF4B-00C04F79EFBC}") = "Vigor.Common.Util", "Vigor.Common.Util\Vigor.Common.Util.csproj", "{9A00D718-CF81-40A3-98B5-2C7A9C3149B5}"
EndProject
Project("{FAE04EC0-301F-11D3-BF4B-00C04F79EFBC}") = "Vigor.Common.Util.Test", "Vigor.Common.Util.Test\Vigor.Common.Util.Test.csproj", "{516D36CE-8AFA-4263-9C90-B8D17A888574}"
EndProject
Global
	GlobalSection(SolutionProperties) = preSolution
		HideSolutionNode = FALSE
	EndGlobalSection
	GlobalSection(SolutionConfigurationPlatforms) = preSolution
		Debug|Any CPU = Debug|Any CPU
		Debug|x64 = Debug|x64
		Debug|x86 = Debug|x86
		Release|Any CPU = Release|Any CPU
		Release|x64 = Release|x64
		Release|x86 = Release|x86
	EndGlobalSection
	GlobalSection(ProjectConfigurationPlatforms) = postSolution
		{5FA38A76-E7CA-4F2E-BB4C-ED5F57134DC8}.Debug|Any CPU.ActiveCfg = Debug|Any CPU
		{5FA38A76-E7CA-4F2E-BB4C-ED5F57134DC8}.Debug|Any CPU.Build.0 = Debug|Any CPU
		{5FA38A76-E7CA-4F2E-BB4C-ED5F57134DC8}.Debug|x64.ActiveCfg = Debug|Any CPU
		{5FA38A76-E7CA-4F2E-BB4C-ED5F57134DC8}.Debug|x64.Build.0 = Debug|Any CPU
		{5FA38A76-E7CA-4F2E-BB4C-ED5F57134DC8}.Debug|x86.ActiveCfg = Debug|Any CPU
		{5FA38A76-E7CA-4F2E-BB4C-ED5F57134DC8}.Debug|x86.Build.0 = Debug|Any CPU
		{5FA38A76-E7CA-4F2E-BB4C-ED5F57134DC8}.Release|Any CPU.ActiveCfg = Release|Any CPU
		{5FA38A76-E7CA-4F2E-BB4C-ED5F57134DC8}.Release|Any CPU.Build.0 = Release|Any CPU
		{5FA38A76-E7CA-4F2E-BB4C-ED5F57134DC8}.Release|x64.ActiveCfg = Release|Any CPU
		{5FA38A76-E7CA-4F2E-BB4C-ED5F57134DC8}.Release|x64.Build.0 = Release|Any CPU
		{5FA38A76-E7CA-4F2E-BB4C-ED5F57134DC8}.Release|x86.ActiveCfg = Release|Any CPU
		{5FA38A76-E7CA-4F2E-BB4C-ED5F57134DC8}.Release|x86.Build.0 = Release|Any CPU
		{9A965893-C412-4406-95EF-A03CB786A023}.Debug|Any CPU.ActiveCfg = Debug|Any CPU
		{9A965893-C412-4406-95EF-A03CB786A023}.Debug|Any CPU.Build.0 = Debug|Any CPU
		{9A965893-C412-4406-95EF-A03CB786A023}.Debug|x64.ActiveCfg = Debug|Any CPU
		{9A965893-C412-4406-95EF-A03CB786A023}.Debug|x64.Build.0 = Debug|Any CPU
		{9A965893-C412-4406-95EF-A03CB786A023}.Debug|x86.ActiveCfg = Debug|Any CPU
		{9A965893-C412-4406-95EF-A03CB786A023}.Debug|x86.Build.0 = Debug|Any CPU
		{9A965893-C412-4406-95EF-A03CB786A023}.Release|Any CPU.ActiveCfg = Release|Any CPU
		{9A965893-C412-4406-95EF-A03CB786A023}.Release|Any CPU.Build.0 = Release|Any CPU
		{9A965893-C412-4406-95EF-A03CB786A023}.Release|x64.ActiveCfg = Release|Any CPU
		{9A965893-C412-4406-95EF-A03CB786A023}.Release|x64.Build.0 = Release|Any CPU
		{9A965893-C412-4406-95EF-A03CB786A023}.Release|x86.ActiveCfg = Release|Any CPU
		{9A965893-C412-4406-95EF-A03CB786A023}.Release|x86.Build.0 = Release|Any CPU
		{C8A7299B-52BF-4590-9824-51984CB9F5CF}.Debug|Any CPU.ActiveCfg = Debug|Any CPU
		{C8A7299B-52BF-4590-9824-51984CB9F5CF}.Debug|Any CPU.Build.0 = Debug|Any CPU
		{C8A7299B-52BF-4590-9824-51984CB9F5CF}.Debug|x64.ActiveCfg = Debug|Any CPU
		{C8A7299B-52BF-4590-9824-51984CB9F5CF}.Debug|x64.Build.0 = Debug|Any CPU
		{C8A7299B-52BF-4590-9824-51984CB9F5CF}.Debug|x86.ActiveCfg = Debug|Any CPU
		{C8A7299B-52BF-4590-9824-51984CB9F5CF}.Debug|x86.Build.0 = Debug|Any CPU
		{C8A7299B-52BF-4590-9824-51984CB9F5CF}.Release|Any CPU.ActiveCfg = Release|Any CPU
		{C8A7299B-52BF-4590-9824-51984CB9F5CF}.Release|Any CPU.Build.0 = Release|Any CPU
		{C8A7299B-52BF-4590-9824-51984CB9F5CF}.Release|x64.ActiveCfg = Release|Any CPU
		{C8A7299B-52BF-4590-9824-51984CB9F5CF}.Release|x64.Build.0 = Release|Any CPU
		{C8A7299B-52BF-4590-9824-51984CB9F5CF}.Release|x86.ActiveCfg = Release|Any CPU
		{C8A7299B-52BF-4590-9824-51984CB9F5CF}.Release|x86.Build.0 = Release|Any CPU
		{F9356E35-0580-46DA-A7C5-4A82A4998EE4}.Debug|Any CPU.ActiveCfg = Debug|Any CPU
		{F9356E35-0580-46DA-A7C5-4A82A4998EE4}.Debug|Any CPU.Build.0 = Debug|Any CPU
		{F9356E35-0580-46DA-A7C5-4A82A4998EE4}.Debug|x64.ActiveCfg = Debug|Any CPU
		{F9356E35-0580-46DA-A7C5-4A82A4998EE4}.Debug|x64.Build.0 = Debug|Any CPU
		{F9356E35-0580-46DA-A7C5-4A82A4998EE4}.Debug|x86.ActiveCfg = Debug|Any CPU
		{F9356E35-0580-46DA-A7C5-4A82A4998EE4}.Debug|x86.Build.0 = Debug|Any CPU
		{F9356E35-0580-46DA-A7C5-4A82A4998EE4}.Release|Any CPU.ActiveCfg = Release|Any CPU
		{F9356E35-0580-46DA-A7C5-4A82A4998EE4}.Release|Any CPU.Build.0 = Release|Any CPU
		{F9356E35-0580-46DA-A7C5-4A82A4998EE4}.Release|x64.ActiveCfg = Release|Any CPU
		{F9356E35-0580-46DA-A7C5-4A82A4998EE4}.Release|x64.Build.0 = Release|Any CPU
		{F9356E35-0580-46DA-A7C5-4A82A4998EE4}.Release|x86.ActiveCfg = Release|Any CPU
		{F9356E35-0580-46DA-A7C5-4A82A4998EE4}.Release|x86.Build.0 = Release|Any CPU
		{80073224-B5BA-413A-90F4-1D8E5738F4AD}.Debug|Any CPU.ActiveCfg = Debug|Any CPU
		{80073224-B5BA-413A-90F4-1D8E5738F4AD}.Debug|Any CPU.Build.0 = Debug|Any CPU
		{80073224-B5BA-413A-90F4-1D8E5738F4AD}.Debug|x64.ActiveCfg = Debug|Any CPU
		{80073224-B5BA-413A-90F4-1D8E5738F4AD}.Debug|x64.Build.0 = Debug|Any CPU
		{80073224-B5BA-413A-90F4-1D8E5738F4AD}.Debug|x86.ActiveCfg = Debug|Any CPU
		{80073224-B5BA-413A-90F4-1D8E5738F4AD}.Debug|x86.Build.0 = Debug|Any CPU
		{80073224-B5BA-413A-90F4-1D8E5738F4AD}.Release|Any CPU.ActiveCfg = Release|Any CPU
		{80073224-B5BA-413A-90F4-1D8E5738F4AD}.Release|Any CPU.Build.0 = Release|Any CPU
		{80073224-B5BA-413A-90F4-1D8E5738F4AD}.Release|x64.ActiveCfg = Release|Any CPU
		{80073224-B5BA-413A-90F4-1D8E5738F4AD}.Release|x64.Build.0 = Release|Any CPU
		{80073224-B5BA-413A-90F4-1D8E5738F4AD}.Release|x86.ActiveCfg = Release|Any CPU
		{80073224-B5BA-413A-90F4-1D8E5738F4AD}.Release|x86.Build.0 = Release|Any CPU
		{88F11281-225E-438E-8E0C-640BD50DD4FA}.Debug|Any CPU.ActiveCfg = Debug|Any CPU
		{88F11281-225E-438E-8E0C-640BD50DD4FA}.Debug|Any CPU.Build.0 = Debug|Any CPU
		{88F11281-225E-438E-8E0C-640BD50DD4FA}.Debug|x64.ActiveCfg = Debug|Any CPU
		{88F11281-225E-438E-8E0C-640BD50DD4FA}.Debug|x64.Build.0 = Debug|Any CPU
		{88F11281-225E-438E-8E0C-640BD50DD4FA}.Debug|x86.ActiveCfg = Debug|Any CPU
		{88F11281-225E-438E-8E0C-640BD50DD4FA}.Debug|x86.Build.0 = Debug|Any CPU
		{88F11281-225E-438E-8E0C-640BD50DD4FA}.Release|Any CPU.ActiveCfg = Release|Any CPU
		{88F11281-225E-438E-8E0C-640BD50DD4FA}.Release|Any CPU.Build.0 = Release|Any CPU
		{88F11281-225E-438E-8E0C-640BD50DD4FA}.Release|x64.ActiveCfg = Release|Any CPU
		{88F11281-225E-438E-8E0C-640BD50DD4FA}.Release|x64.Build.0 = Release|Any CPU
		{88F11281-225E-438E-8E0C-640BD50DD4FA}.Release|x86.ActiveCfg = Release|Any CPU
		{88F11281-225E-438E-8E0C-640BD50DD4FA}.Release|x86.Build.0 = Release|Any CPU
		{0EBD139A-FCD0-42E7-9BDC-C3D7F1A3481E}.Debug|Any CPU.ActiveCfg = Debug|Any CPU
		{0EBD139A-FCD0-42E7-9BDC-C3D7F1A3481E}.Debug|Any CPU.Build.0 = Debug|Any CPU
		{0EBD139A-FCD0-42E7-9BDC-C3D7F1A3481E}.Debug|x64.ActiveCfg = Debug|Any CPU
		{0EBD139A-FCD0-42E7-9BDC-C3D7F1A3481E}.Debug|x64.Build.0 = Debug|Any CPU
		{0EBD139A-FCD0-42E7-9BDC-C3D7F1A3481E}.Debug|x86.ActiveCfg = Debug|Any CPU
		{0EBD139A-FCD0-42E7-9BDC-C3D7F1A3481E}.Debug|x86.Build.0 = Debug|Any CPU
		{0EBD139A-FCD0-42E7-9BDC-C3D7F1A3481E}.Release|Any CPU.ActiveCfg = Release|Any CPU
		{0EBD139A-FCD0-42E7-9BDC-C3D7F1A3481E}.Release|Any CPU.Build.0 = Release|Any CPU
		{0EBD139A-FCD0-42E7-9BDC-C3D7F1A3481E}.Release|x64.ActiveCfg = Release|Any CPU
		{0EBD139A-FCD0-42E7-9BDC-C3D7F1A3481E}.Release|x64.Build.0 = Release|Any CPU
		{0EBD139A-FCD0-42E7-9BDC-C3D7F1A3481E}.Release|x86.ActiveCfg = Release|Any CPU
		{0EBD139A-FCD0-42E7-9BDC-C3D7F1A3481E}.Release|x86.Build.0 = Release|Any CPU
		{185097B8-53D7-4672-8843-FE16F555C289}.Debug|Any CPU.ActiveCfg = Debug|Any CPU
		{185097B8-53D7-4672-8843-FE16F555C289}.Debug|Any CPU.Build.0 = Debug|Any CPU
		{185097B8-53D7-4672-8843-FE16F555C289}.Debug|x64.ActiveCfg = Debug|Any CPU
		{185097B8-53D7-4672-8843-FE16F555C289}.Debug|x64.Build.0 = Debug|Any CPU
		{185097B8-53D7-4672-8843-FE16F555C289}.Debug|x86.ActiveCfg = Debug|Any CPU
		{185097B8-53D7-4672-8843-FE16F555C289}.Debug|x86.Build.0 = Debug|Any CPU
		{185097B8-53D7-4672-8843-FE16F555C289}.Release|Any CPU.ActiveCfg = Release|Any CPU
		{185097B8-53D7-4672-8843-FE16F555C289}.Release|Any CPU.Build.0 = Release|Any CPU
		{185097B8-53D7-4672-8843-FE16F555C289}.Release|x64.ActiveCfg = Release|Any CPU
		{185097B8-53D7-4672-8843-FE16F555C289}.Release|x64.Build.0 = Release|Any CPU
		{185097B8-53D7-4672-8843-FE16F555C289}.Release|x86.ActiveCfg = Release|Any CPU
		{185097B8-53D7-4672-8843-FE16F555C289}.Release|x86.Build.0 = Release|Any CPU
		{A3ADF841-7303-4092-AA08-DDE9F5BEB711}.Debug|Any CPU.ActiveCfg = Debug|Any CPU
		{A3ADF841-7303-4092-AA08-DDE9F5BEB711}.Debug|Any CPU.Build.0 = Debug|Any CPU
		{A3ADF841-7303-4092-AA08-DDE9F5BEB711}.Debug|x64.ActiveCfg = Debug|Any CPU
		{A3ADF841-7303-4092-AA08-DDE9F5BEB711}.Debug|x64.Build.0 = Debug|Any CPU
		{A3ADF841-7303-4092-AA08-DDE9F5BEB711}.Debug|x86.ActiveCfg = Debug|Any CPU
		{A3ADF841-7303-4092-AA08-DDE9F5BEB711}.Debug|x86.Build.0 = Debug|Any CPU
		{A3ADF841-7303-4092-AA08-DDE9F5BEB711}.Release|Any CPU.ActiveCfg = Release|Any CPU
		{A3ADF841-7303-4092-AA08-DDE9F5BEB711}.Release|Any CPU.Build.0 = Release|Any CPU
		{A3ADF841-7303-4092-AA08-DDE9F5BEB711}.Release|x64.ActiveCfg = Release|Any CPU
		{A3ADF841-7303-4092-AA08-DDE9F5BEB711}.Release|x64.Build.0 = Release|Any CPU
		{A3ADF841-7303-4092-AA08-DDE9F5BEB711}.Release|x86.ActiveCfg = Release|Any CPU
		{A3ADF841-7303-4092-AA08-DDE9F5BEB711}.Release|x86.Build.0 = Release|Any CPU
		{42DE5BA3-00A8-45F0-AAF8-87BE6052C133}.Debug|Any CPU.ActiveCfg = Debug|Any CPU
		{42DE5BA3-00A8-45F0-AAF8-87BE6052C133}.Debug|Any CPU.Build.0 = Debug|Any CPU
		{42DE5BA3-00A8-45F0-AAF8-87BE6052C133}.Debug|x64.ActiveCfg = Debug|Any CPU
		{42DE5BA3-00A8-45F0-AAF8-87BE6052C133}.Debug|x64.Build.0 = Debug|Any CPU
		{42DE5BA3-00A8-45F0-AAF8-87BE6052C133}.Debug|x86.ActiveCfg = Debug|Any CPU
		{42DE5BA3-00A8-45F0-AAF8-87BE6052C133}.Debug|x86.Build.0 = Debug|Any CPU
		{42DE5BA3-00A8-45F0-AAF8-87BE6052C133}.Release|Any CPU.ActiveCfg = Release|Any CPU
		{42DE5BA3-00A8-45F0-AAF8-87BE6052C133}.Release|Any CPU.Build.0 = Release|Any CPU
		{42DE5BA3-00A8-45F0-AAF8-87BE6052C133}.Release|x64.ActiveCfg = Release|Any CPU
		{42DE5BA3-00A8-45F0-AAF8-87BE6052C133}.Release|x64.Build.0 = Release|Any CPU
		{42DE5BA3-00A8-45F0-AAF8-87BE6052C133}.Release|x86.ActiveCfg = Release|Any CPU
		{42DE5BA3-00A8-45F0-AAF8-87BE6052C133}.Release|x86.Build.0 = Release|Any CPU
		{C3716A9C-D739-42BF-9FF2-BB66D2122A80}.Debug|Any CPU.ActiveCfg = Debug|Any CPU
		{C3716A9C-D739-42BF-9FF2-BB66D2122A80}.Debug|Any CPU.Build.0 = Debug|Any CPU
		{C3716A9C-D739-42BF-9FF2-BB66D2122A80}.Debug|x64.ActiveCfg = Debug|Any CPU
		{C3716A9C-D739-42BF-9FF2-BB66D2122A80}.Debug|x64.Build.0 = Debug|Any CPU
		{C3716A9C-D739-42BF-9FF2-BB66D2122A80}.Debug|x86.ActiveCfg = Debug|Any CPU
		{C3716A9C-D739-42BF-9FF2-BB66D2122A80}.Debug|x86.Build.0 = Debug|Any CPU
		{C3716A9C-D739-42BF-9FF2-BB66D2122A80}.Release|Any CPU.ActiveCfg = Release|Any CPU
		{C3716A9C-D739-42BF-9FF2-BB66D2122A80}.Release|Any CPU.Build.0 = Release|Any CPU
		{C3716A9C-D739-42BF-9FF2-BB66D2122A80}.Release|x64.ActiveCfg = Release|Any CPU
		{C3716A9C-D739-42BF-9FF2-BB66D2122A80}.Release|x64.Build.0 = Release|Any CPU
		{C3716A9C-D739-42BF-9FF2-BB66D2122A80}.Release|x86.ActiveCfg = Release|Any CPU
		{C3716A9C-D739-42BF-9FF2-BB66D2122A80}.Release|x86.Build.0 = Release|Any CPU
		{16F781B5-D532-4DF0-94A4-25AF0A0E2185}.Debug|Any CPU.ActiveCfg = Debug|Any CPU
		{16F781B5-D532-4DF0-94A4-25AF0A0E2185}.Debug|Any CPU.Build.0 = Debug|Any CPU
		{16F781B5-D532-4DF0-94A4-25AF0A0E2185}.Debug|x64.ActiveCfg = Debug|Any CPU
		{16F781B5-D532-4DF0-94A4-25AF0A0E2185}.Debug|x64.Build.0 = Debug|Any CPU
		{16F781B5-D532-4DF0-94A4-25AF0A0E2185}.Debug|x86.ActiveCfg = Debug|Any CPU
		{16F781B5-D532-4DF0-94A4-25AF0A0E2185}.Debug|x86.Build.0 = Debug|Any CPU
		{16F781B5-D532-4DF0-94A4-25AF0A0E2185}.Release|Any CPU.ActiveCfg = Release|Any CPU
		{16F781B5-D532-4DF0-94A4-25AF0A0E2185}.Release|Any CPU.Build.0 = Release|Any CPU
		{16F781B5-D532-4DF0-94A4-25AF0A0E2185}.Release|x64.ActiveCfg = Release|Any CPU
		{16F781B5-D532-4DF0-94A4-25AF0A0E2185}.Release|x64.Build.0 = Release|Any CPU
		{16F781B5-D532-4DF0-94A4-25AF0A0E2185}.Release|x86.ActiveCfg = Release|Any CPU
		{16F781B5-D532-4DF0-94A4-25AF0A0E2185}.Release|x86.Build.0 = Release|Any CPU
		{83953900-2638-42F2-9DC7-00F462659387}.Debug|Any CPU.ActiveCfg = Debug|Any CPU
		{83953900-2638-42F2-9DC7-00F462659387}.Debug|Any CPU.Build.0 = Debug|Any CPU
		{83953900-2638-42F2-9DC7-00F462659387}.Debug|x64.ActiveCfg = Debug|Any CPU
		{83953900-2638-42F2-9DC7-00F462659387}.Debug|x64.Build.0 = Debug|Any CPU
		{83953900-2638-42F2-9DC7-00F462659387}.Debug|x86.ActiveCfg = Debug|Any CPU
		{83953900-2638-42F2-9DC7-00F462659387}.Debug|x86.Build.0 = Debug|Any CPU
		{83953900-2638-42F2-9DC7-00F462659387}.Release|Any CPU.ActiveCfg = Release|Any CPU
		{83953900-2638-42F2-9DC7-00F462659387}.Release|Any CPU.Build.0 = Release|Any CPU
		{83953900-2638-42F2-9DC7-00F462659387}.Release|x64.ActiveCfg = Release|Any CPU
		{83953900-2638-42F2-9DC7-00F462659387}.Release|x64.Build.0 = Release|Any CPU
		{83953900-2638-42F2-9DC7-00F462659387}.Release|x86.ActiveCfg = Release|Any CPU
		{83953900-2638-42F2-9DC7-00F462659387}.Release|x86.Build.0 = Release|Any CPU
		{B45FB87F-6318-47E1-B463-9AEC911108DB}.Debug|Any CPU.ActiveCfg = Debug|Any CPU
		{B45FB87F-6318-47E1-B463-9AEC911108DB}.Debug|Any CPU.Build.0 = Debug|Any CPU
		{B45FB87F-6318-47E1-B463-9AEC911108DB}.Debug|x64.ActiveCfg = Debug|Any CPU
		{B45FB87F-6318-47E1-B463-9AEC911108DB}.Debug|x64.Build.0 = Debug|Any CPU
		{B45FB87F-6318-47E1-B463-9AEC911108DB}.Debug|x86.ActiveCfg = Debug|Any CPU
		{B45FB87F-6318-47E1-B463-9AEC911108DB}.Debug|x86.Build.0 = Debug|Any CPU
		{B45FB87F-6318-47E1-B463-9AEC911108DB}.Release|Any CPU.ActiveCfg = Release|Any CPU
		{B45FB87F-6318-47E1-B463-9AEC911108DB}.Release|Any CPU.Build.0 = Release|Any CPU
		{B45FB87F-6318-47E1-B463-9AEC911108DB}.Release|x64.ActiveCfg = Release|Any CPU
		{B45FB87F-6318-47E1-B463-9AEC911108DB}.Release|x64.Build.0 = Release|Any CPU
		{B45FB87F-6318-47E1-B463-9AEC911108DB}.Release|x86.ActiveCfg = Release|Any CPU
		{B45FB87F-6318-47E1-B463-9AEC911108DB}.Release|x86.Build.0 = Release|Any CPU
		{18F97470-9ABF-4AE6-BFC8-78CD037C60BC}.Debug|Any CPU.ActiveCfg = Debug|Any CPU
		{18F97470-9ABF-4AE6-BFC8-78CD037C60BC}.Debug|Any CPU.Build.0 = Debug|Any CPU
		{18F97470-9ABF-4AE6-BFC8-78CD037C60BC}.Debug|x64.ActiveCfg = Debug|Any CPU
		{18F97470-9ABF-4AE6-BFC8-78CD037C60BC}.Debug|x64.Build.0 = Debug|Any CPU
		{18F97470-9ABF-4AE6-BFC8-78CD037C60BC}.Debug|x86.ActiveCfg = Debug|Any CPU
		{18F97470-9ABF-4AE6-BFC8-78CD037C60BC}.Debug|x86.Build.0 = Debug|Any CPU
		{18F97470-9ABF-4AE6-BFC8-78CD037C60BC}.Release|Any CPU.ActiveCfg = Release|Any CPU
		{18F97470-9ABF-4AE6-BFC8-78CD037C60BC}.Release|Any CPU.Build.0 = Release|Any CPU
		{18F97470-9ABF-4AE6-BFC8-78CD037C60BC}.Release|x64.ActiveCfg = Release|Any CPU
		{18F97470-9ABF-4AE6-BFC8-78CD037C60BC}.Release|x64.Build.0 = Release|Any CPU
		{18F97470-9ABF-4AE6-BFC8-78CD037C60BC}.Release|x86.ActiveCfg = Release|Any CPU
		{18F97470-9ABF-4AE6-BFC8-78CD037C60BC}.Release|x86.Build.0 = Release|Any CPU
		{FBCC3123-952F-4938-A79E-B2F08AD417D6}.Debug|Any CPU.ActiveCfg = Debug|Any CPU
		{FBCC3123-952F-4938-A79E-B2F08AD417D6}.Debug|Any CPU.Build.0 = Debug|Any CPU
		{FBCC3123-952F-4938-A79E-B2F08AD417D6}.Debug|x64.ActiveCfg = Debug|Any CPU
		{FBCC3123-952F-4938-A79E-B2F08AD417D6}.Debug|x64.Build.0 = Debug|Any CPU
		{FBCC3123-952F-4938-A79E-B2F08AD417D6}.Debug|x86.ActiveCfg = Debug|Any CPU
		{FBCC3123-952F-4938-A79E-B2F08AD417D6}.Debug|x86.Build.0 = Debug|Any CPU
		{FBCC3123-952F-4938-A79E-B2F08AD417D6}.Release|Any CPU.ActiveCfg = Release|Any CPU
		{FBCC3123-952F-4938-A79E-B2F08AD417D6}.Release|Any CPU.Build.0 = Release|Any CPU
		{FBCC3123-952F-4938-A79E-B2F08AD417D6}.Release|x64.ActiveCfg = Release|Any CPU
		{FBCC3123-952F-4938-A79E-B2F08AD417D6}.Release|x64.Build.0 = Release|Any CPU
		{FBCC3123-952F-4938-A79E-B2F08AD417D6}.Release|x86.ActiveCfg = Release|Any CPU
		{FBCC3123-952F-4938-A79E-B2F08AD417D6}.Release|x86.Build.0 = Release|Any CPU
		{28981062-AF1B-4B06-8523-39AA7DEF64A7}.Debug|Any CPU.ActiveCfg = Debug|Any CPU
		{28981062-AF1B-4B06-8523-39AA7DEF64A7}.Debug|Any CPU.Build.0 = Debug|Any CPU
		{28981062-AF1B-4B06-8523-39AA7DEF64A7}.Debug|x64.ActiveCfg = Debug|Any CPU
		{28981062-AF1B-4B06-8523-39AA7DEF64A7}.Debug|x64.Build.0 = Debug|Any CPU
		{28981062-AF1B-4B06-8523-39AA7DEF64A7}.Debug|x86.ActiveCfg = Debug|Any CPU
		{28981062-AF1B-4B06-8523-39AA7DEF64A7}.Debug|x86.Build.0 = Debug|Any CPU
		{28981062-AF1B-4B06-8523-39AA7DEF64A7}.Release|Any CPU.ActiveCfg = Release|Any CPU
		{28981062-AF1B-4B06-8523-39AA7DEF64A7}.Release|Any CPU.Build.0 = Release|Any CPU
		{28981062-AF1B-4B06-8523-39AA7DEF64A7}.Release|x64.ActiveCfg = Release|Any CPU
		{28981062-AF1B-4B06-8523-39AA7DEF64A7}.Release|x64.Build.0 = Release|Any CPU
		{28981062-AF1B-4B06-8523-39AA7DEF64A7}.Release|x86.ActiveCfg = Release|Any CPU
		{28981062-AF1B-4B06-8523-39AA7DEF64A7}.Release|x86.Build.0 = Release|Any CPU
		{E9C16A8B-0E6B-453B-96A9-0B8524B2E68D}.Debug|Any CPU.ActiveCfg = Debug|Any CPU
		{E9C16A8B-0E6B-453B-96A9-0B8524B2E68D}.Debug|Any CPU.Build.0 = Debug|Any CPU
		{E9C16A8B-0E6B-453B-96A9-0B8524B2E68D}.Debug|x64.ActiveCfg = Debug|Any CPU
		{E9C16A8B-0E6B-453B-96A9-0B8524B2E68D}.Debug|x64.Build.0 = Debug|Any CPU
		{E9C16A8B-0E6B-453B-96A9-0B8524B2E68D}.Debug|x86.ActiveCfg = Debug|Any CPU
		{E9C16A8B-0E6B-453B-96A9-0B8524B2E68D}.Debug|x86.Build.0 = Debug|Any CPU
		{E9C16A8B-0E6B-453B-96A9-0B8524B2E68D}.Release|Any CPU.ActiveCfg = Release|Any CPU
		{E9C16A8B-0E6B-453B-96A9-0B8524B2E68D}.Release|Any CPU.Build.0 = Release|Any CPU
		{E9C16A8B-0E6B-453B-96A9-0B8524B2E68D}.Release|x64.ActiveCfg = Release|Any CPU
		{E9C16A8B-0E6B-453B-96A9-0B8524B2E68D}.Release|x64.Build.0 = Release|Any CPU
		{E9C16A8B-0E6B-453B-96A9-0B8524B2E68D}.Release|x86.ActiveCfg = Release|Any CPU
		{E9C16A8B-0E6B-453B-96A9-0B8524B2E68D}.Release|x86.Build.0 = Release|Any CPU
		{9A00D718-CF81-40A3-98B5-2C7A9C3149B5}.Debug|Any CPU.ActiveCfg = Debug|Any CPU
		{9A00D718-CF81-40A3-98B5-2C7A9C3149B5}.Debug|Any CPU.Build.0 = Debug|Any CPU
		{9A00D718-CF81-40A3-98B5-2C7A9C3149B5}.Debug|x64.ActiveCfg = Debug|Any CPU
		{9A00D718-CF81-40A3-98B5-2C7A9C3149B5}.Debug|x64.Build.0 = Debug|Any CPU
		{9A00D718-CF81-40A3-98B5-2C7A9C3149B5}.Debug|x86.ActiveCfg = Debug|Any CPU
		{9A00D718-CF81-40A3-98B5-2C7A9C3149B5}.Debug|x86.Build.0 = Debug|Any CPU
		{9A00D718-CF81-40A3-98B5-2C7A9C3149B5}.Release|Any CPU.ActiveCfg = Release|Any CPU
		{9A00D718-CF81-40A3-98B5-2C7A9C3149B5}.Release|Any CPU.Build.0 = Release|Any CPU
		{9A00D718-CF81-40A3-98B5-2C7A9C3149B5}.Release|x64.ActiveCfg = Release|Any CPU
		{9A00D718-CF81-40A3-98B5-2C7A9C3149B5}.Release|x64.Build.0 = Release|Any CPU
		{9A00D718-CF81-40A3-98B5-2C7A9C3149B5}.Release|x86.ActiveCfg = Release|Any CPU
		{9A00D718-CF81-40A3-98B5-2C7A9C3149B5}.Release|x86.Build.0 = Release|Any CPU
		{516D36CE-8AFA-4263-9C90-B8D17A888574}.Debug|Any CPU.ActiveCfg = Debug|Any CPU
		{516D36CE-8AFA-4263-9C90-B8D17A888574}.Debug|Any CPU.Build.0 = Debug|Any CPU
		{516D36CE-8AFA-4263-9C90-B8D17A888574}.Debug|x64.ActiveCfg = Debug|Any CPU
		{516D36CE-8AFA-4263-9C90-B8D17A888574}.Debug|x64.Build.0 = Debug|Any CPU
		{516D36CE-8AFA-4263-9C90-B8D17A888574}.Debug|x86.ActiveCfg = Debug|Any CPU
		{516D36CE-8AFA-4263-9C90-B8D17A888574}.Debug|x86.Build.0 = Debug|Any CPU
		{516D36CE-8AFA-4263-9C90-B8D17A888574}.Release|Any CPU.ActiveCfg = Release|Any CPU
		{516D36CE-8AFA-4263-9C90-B8D17A888574}.Release|Any CPU.Build.0 = Release|Any CPU
		{516D36CE-8AFA-4263-9C90-B8D17A888574}.Release|x64.ActiveCfg = Release|Any CPU
		{516D36CE-8AFA-4263-9C90-B8D17A888574}.Release|x64.Build.0 = Release|Any CPU
		{516D36CE-8AFA-4263-9C90-B8D17A888574}.Release|x86.ActiveCfg = Release|Any CPU
		{516D36CE-8AFA-4263-9C90-B8D17A888574}.Release|x86.Build.0 = Release|Any CPU
	EndGlobalSection
EndGlobal
