
Microsoft Visual Studio Solution File, Format Version 12.00
# Visual Studio Version 17
VisualStudioVersion = 17.0.31903.59
MinimumVisualStudioVersion = 10.0.40219.1
Project("{FAE04EC0-301F-11D3-BF4B-00C04F79EFBC}") = "User.Database", "User.Database\User.Database.csproj", "{292EA812-BE00-4691-82BA-F3D0003C9B0C}"
EndProject
Project("{FAE04EC0-301F-11D3-BF4B-00C04F79EFBC}") = "User.Database.Broadcast", "User.Database.Broadcast\User.Database.Broadcast.csproj", "{D22BBEC3-F462-4E00-B717-995AC76F2F98}"
EndProject
Project("{FAE04EC0-301F-11D3-BF4B-00C04F79EFBC}") = "User.Common.Queue", "User.Common.Queue\User.Common.Queue.csproj", "{5E3FE0C6-7875-4A5F-9B6F-9E59F3971DE5}"
EndProject
Project("{FAE04EC0-301F-11D3-BF4B-00C04F79EFBC}") = "User.Api.Http", "User.Api.Http\User.Api.Http.csproj", "{DBE92D38-7EC9-4545-AA74-C256699FE026}"
EndProject
Project("{FAE04EC0-301F-11D3-BF4B-00C04F79EFBC}") = "User.Api.Queue", "User.Api.Queue\User.Api.Queue.csproj", "{03FA12A7-3D3E-403F-9F7B-334022A0A088}"
EndProject
Global
	GlobalSection(SolutionProperties) = preSolution
		HideSolutionNode = FALSE
	EndGlobalSection
	GlobalSection(SolutionConfigurationPlatforms) = preSolution
		Debug|Any CPU = Debug|Any CPU
		Debug|x64 = Debug|x64
		Debug|x86 = Debug|x86
		Release|Any CPU = Release|Any CPU
		Release|x64 = Release|x64
		Release|x86 = Release|x86
	EndGlobalSection
	GlobalSection(ProjectConfigurationPlatforms) = postSolution
		{292EA812-BE00-4691-82BA-F3D0003C9B0C}.Debug|Any CPU.ActiveCfg = Debug|Any CPU
		{292EA812-BE00-4691-82BA-F3D0003C9B0C}.Debug|Any CPU.Build.0 = Debug|Any CPU
		{292EA812-BE00-4691-82BA-F3D0003C9B0C}.Debug|x64.ActiveCfg = Debug|Any CPU
		{292EA812-BE00-4691-82BA-F3D0003C9B0C}.Debug|x64.Build.0 = Debug|Any CPU
		{292EA812-BE00-4691-82BA-F3D0003C9B0C}.Debug|x86.ActiveCfg = Debug|Any CPU
		{292EA812-BE00-4691-82BA-F3D0003C9B0C}.Debug|x86.Build.0 = Debug|Any CPU
		{292EA812-BE00-4691-82BA-F3D0003C9B0C}.Release|Any CPU.ActiveCfg = Release|Any CPU
		{292EA812-BE00-4691-82BA-F3D0003C9B0C}.Release|Any CPU.Build.0 = Release|Any CPU
		{292EA812-BE00-4691-82BA-F3D0003C9B0C}.Release|x64.ActiveCfg = Release|Any CPU
		{292EA812-BE00-4691-82BA-F3D0003C9B0C}.Release|x64.Build.0 = Release|Any CPU
		{292EA812-BE00-4691-82BA-F3D0003C9B0C}.Release|x86.ActiveCfg = Release|Any CPU
		{292EA812-BE00-4691-82BA-F3D0003C9B0C}.Release|x86.Build.0 = Release|Any CPU
		{D22BBEC3-F462-4E00-B717-995AC76F2F98}.Debug|Any CPU.ActiveCfg = Debug|Any CPU
		{D22BBEC3-F462-4E00-B717-995AC76F2F98}.Debug|Any CPU.Build.0 = Debug|Any CPU
		{D22BBEC3-F462-4E00-B717-995AC76F2F98}.Debug|x64.ActiveCfg = Debug|Any CPU
		{D22BBEC3-F462-4E00-B717-995AC76F2F98}.Debug|x64.Build.0 = Debug|Any CPU
		{D22BBEC3-F462-4E00-B717-995AC76F2F98}.Debug|x86.ActiveCfg = Debug|Any CPU
		{D22BBEC3-F462-4E00-B717-995AC76F2F98}.Debug|x86.Build.0 = Debug|Any CPU
		{D22BBEC3-F462-4E00-B717-995AC76F2F98}.Release|Any CPU.ActiveCfg = Release|Any CPU
		{D22BBEC3-F462-4E00-B717-995AC76F2F98}.Release|Any CPU.Build.0 = Release|Any CPU
		{D22BBEC3-F462-4E00-B717-995AC76F2F98}.Release|x64.ActiveCfg = Release|Any CPU
		{D22BBEC3-F462-4E00-B717-995AC76F2F98}.Release|x64.Build.0 = Release|Any CPU
		{D22BBEC3-F462-4E00-B717-995AC76F2F98}.Release|x86.ActiveCfg = Release|Any CPU
		{D22BBEC3-F462-4E00-B717-995AC76F2F98}.Release|x86.Build.0 = Release|Any CPU
		{5E3FE0C6-7875-4A5F-9B6F-9E59F3971DE5}.Debug|Any CPU.ActiveCfg = Debug|Any CPU
		{5E3FE0C6-7875-4A5F-9B6F-9E59F3971DE5}.Debug|Any CPU.Build.0 = Debug|Any CPU
		{5E3FE0C6-7875-4A5F-9B6F-9E59F3971DE5}.Debug|x64.ActiveCfg = Debug|Any CPU
		{5E3FE0C6-7875-4A5F-9B6F-9E59F3971DE5}.Debug|x64.Build.0 = Debug|Any CPU
		{5E3FE0C6-7875-4A5F-9B6F-9E59F3971DE5}.Debug|x86.ActiveCfg = Debug|Any CPU
		{5E3FE0C6-7875-4A5F-9B6F-9E59F3971DE5}.Debug|x86.Build.0 = Debug|Any CPU
		{5E3FE0C6-7875-4A5F-9B6F-9E59F3971DE5}.Release|Any CPU.ActiveCfg = Release|Any CPU
		{5E3FE0C6-7875-4A5F-9B6F-9E59F3971DE5}.Release|Any CPU.Build.0 = Release|Any CPU
		{5E3FE0C6-7875-4A5F-9B6F-9E59F3971DE5}.Release|x64.ActiveCfg = Release|Any CPU
		{5E3FE0C6-7875-4A5F-9B6F-9E59F3971DE5}.Release|x64.Build.0 = Release|Any CPU
		{5E3FE0C6-7875-4A5F-9B6F-9E59F3971DE5}.Release|x86.ActiveCfg = Release|Any CPU
		{5E3FE0C6-7875-4A5F-9B6F-9E59F3971DE5}.Release|x86.Build.0 = Release|Any CPU
		{DBE92D38-7EC9-4545-AA74-C256699FE026}.Debug|Any CPU.ActiveCfg = Debug|Any CPU
		{DBE92D38-7EC9-4545-AA74-C256699FE026}.Debug|Any CPU.Build.0 = Debug|Any CPU
		{DBE92D38-7EC9-4545-AA74-C256699FE026}.Debug|x64.ActiveCfg = Debug|Any CPU
		{DBE92D38-7EC9-4545-AA74-C256699FE026}.Debug|x64.Build.0 = Debug|Any CPU
		{DBE92D38-7EC9-4545-AA74-C256699FE026}.Debug|x86.ActiveCfg = Debug|Any CPU
		{DBE92D38-7EC9-4545-AA74-C256699FE026}.Debug|x86.Build.0 = Debug|Any CPU
		{DBE92D38-7EC9-4545-AA74-C256699FE026}.Release|Any CPU.ActiveCfg = Release|Any CPU
		{DBE92D38-7EC9-4545-AA74-C256699FE026}.Release|Any CPU.Build.0 = Release|Any CPU
		{DBE92D38-7EC9-4545-AA74-C256699FE026}.Release|x64.ActiveCfg = Release|Any CPU
		{DBE92D38-7EC9-4545-AA74-C256699FE026}.Release|x64.Build.0 = Release|Any CPU
		{DBE92D38-7EC9-4545-AA74-C256699FE026}.Release|x86.ActiveCfg = Release|Any CPU
		{DBE92D38-7EC9-4545-AA74-C256699FE026}.Release|x86.Build.0 = Release|Any CPU
		{03FA12A7-3D3E-403F-9F7B-334022A0A088}.Debug|Any CPU.ActiveCfg = Debug|Any CPU
		{03FA12A7-3D3E-403F-9F7B-334022A0A088}.Debug|Any CPU.Build.0 = Debug|Any CPU
		{03FA12A7-3D3E-403F-9F7B-334022A0A088}.Debug|x64.ActiveCfg = Debug|Any CPU
		{03FA12A7-3D3E-403F-9F7B-334022A0A088}.Debug|x64.Build.0 = Debug|Any CPU
		{03FA12A7-3D3E-403F-9F7B-334022A0A088}.Debug|x86.ActiveCfg = Debug|Any CPU
		{03FA12A7-3D3E-403F-9F7B-334022A0A088}.Debug|x86.Build.0 = Debug|Any CPU
		{03FA12A7-3D3E-403F-9F7B-334022A0A088}.Release|Any CPU.ActiveCfg = Release|Any CPU
		{03FA12A7-3D3E-403F-9F7B-334022A0A088}.Release|Any CPU.Build.0 = Release|Any CPU
		{03FA12A7-3D3E-403F-9F7B-334022A0A088}.Release|x64.ActiveCfg = Release|Any CPU
		{03FA12A7-3D3E-403F-9F7B-334022A0A088}.Release|x64.Build.0 = Release|Any CPU
		{03FA12A7-3D3E-403F-9F7B-334022A0A088}.Release|x86.ActiveCfg = Release|Any CPU
		{03FA12A7-3D3E-403F-9F7B-334022A0A088}.Release|x86.Build.0 = Release|Any CPU
	EndGlobalSection
EndGlobal
